
Microsoft Visual Studio Solution File, Format Version 12.00
# Visual Studio Version 17
VisualStudioVersion = 17.10.34928.147
MinimumVisualStudioVersion = 10.0.40219.1
Project("{FAE04EC0-301F-11D3-BF4B-00C04F79EFBC}") = "Inventario", "Inventario\Inventario.csproj", "{BF783005-4059-49AD-8654-7AF8F80F471D}"
EndProject
Global
	GlobalSection(SolutionConfigurationPlatforms) = preSolution
		Debug|Any CPU = Debug|Any CPU
		Release|Any CPU = Release|Any CPU
	EndGlobalSection
	GlobalSection(ProjectConfigurationPlatforms) = postSolution
		{BF783005-4059-49AD-8654-7AF8F80F471D}.Debug|Any CPU.ActiveCfg = Debug|Any CPU
		{BF783005-4059-49AD-8654-7AF8F80F471D}.Debug|Any CPU.Build.0 = Debug|Any CPU
		{BF783005-4059-49AD-8654-7AF8F80F471D}.Release|Any CPU.ActiveCfg = Release|Any CPU
		{BF783005-4059-49AD-8654-7AF8F80F471D}.Release|Any CPU.Build.0 = Release|Any CPU
	EndGlobalSection
	GlobalSection(SolutionProperties) = preSolution
		HideSolutionNode = FALSE
	EndGlobalSection
	GlobalSection(ExtensibilityGlobals) = postSolution
		SolutionGuid = {D39D26AC-6FE7-4F10-928D-550AF8CB8DCB}
	EndGlobalSection
EndGlobal
